
Microsoft Visual Studio Solution File, Format Version 12.00
# Visual Studio Version 16
VisualStudioVersion = 16.0.33529.622
MinimumVisualStudioVersion = 10.0.40219.1
Project("{8BC9CEB8-8B4A-11D0-8D11-00A0C91BC942}") = "CaesarCipher", "CaesarCipher\CaesarCipher.vcxproj", "{35FBF090-80C9-4607-AC8E-57BA8D693A0D}"
EndProject
Global
	GlobalSection(SolutionConfigurationPlatforms) = preSolution
		Debug|x64 = Debug|x64
		Debug|x86 = Debug|x86
		Release|x64 = Release|x64
		Release|x86 = Release|x86
	EndGlobalSection
	GlobalSection(ProjectConfigurationPlatforms) = postSolution
		{35FBF090-80C9-4607-AC8E-57BA8D693A0D}.Debug|x64.ActiveCfg = Debug|x64
		{35FBF090-80C9-4607-AC8E-57BA8D693A0D}.Debug|x64.Build.0 = Debug|x64
		{35FBF090-80C9-4607-AC8E-57BA8D693A0D}.Debug|x86.ActiveCfg = Debug|Win32
		{35FBF090-80C9-4607-AC8E-57BA8D693A0D}.Debug|x86.Build.0 = Debug|Win32
		{35FBF090-80C9-4607-AC8E-57BA8D693A0D}.Release|x64.ActiveCfg = Release|x64
		{35FBF090-80C9-4607-AC8E-57BA8D693A0D}.Release|x64.Build.0 = Release|x64
		{35FBF090-80C9-4607-AC8E-57BA8D693A0D}.Release|x86.ActiveCfg = Release|Win32
		{35FBF090-80C9-4607-AC8E-57BA8D693A0D}.Release|x86.Build.0 = Release|Win32
	EndGlobalSection
	GlobalSection(SolutionProperties) = preSolution
		HideSolutionNode = FALSE
	EndGlobalSection
	GlobalSection(ExtensibilityGlobals) = postSolution
		SolutionGuid = {41A4E5A5-C216-4352-A4A8-4013076B0F0C}
	EndGlobalSection
EndGlobal
