
Microsoft Visual Studio Solution File, Format Version 12.00
# Visual Studio Version 16
VisualStudioVersion = 16.0.33529.622
MinimumVisualStudioVersion = 10.0.40219.1
Project("{8BC9CEB8-8B4A-11D0-8D11-00A0C91BC942}") = "VigenereCipher", "VigenereCipher\VigenereCipher.vcxproj", "{DAA0E959-E82D-4A98-B5CE-4A1FD62CD259}"
EndProject
Global
	GlobalSection(SolutionConfigurationPlatforms) = preSolution
		Debug|x64 = Debug|x64
		Debug|x86 = Debug|x86
		Release|x64 = Release|x64
		Release|x86 = Release|x86
	EndGlobalSection
	GlobalSection(ProjectConfigurationPlatforms) = postSolution
		{DAA0E959-E82D-4A98-B5CE-4A1FD62CD259}.Debug|x64.ActiveCfg = Debug|x64
		{DAA0E959-E82D-4A98-B5CE-4A1FD62CD259}.Debug|x64.Build.0 = Debug|x64
		{DAA0E959-E82D-4A98-B5CE-4A1FD62CD259}.Debug|x86.ActiveCfg = Debug|Win32
		{DAA0E959-E82D-4A98-B5CE-4A1FD62CD259}.Debug|x86.Build.0 = Debug|Win32
		{DAA0E959-E82D-4A98-B5CE-4A1FD62CD259}.Release|x64.ActiveCfg = Release|x64
		{DAA0E959-E82D-4A98-B5CE-4A1FD62CD259}.Release|x64.Build.0 = Release|x64
		{DAA0E959-E82D-4A98-B5CE-4A1FD62CD259}.Release|x86.ActiveCfg = Release|Win32
		{DAA0E959-E82D-4A98-B5CE-4A1FD62CD259}.Release|x86.Build.0 = Release|Win32
	EndGlobalSection
	GlobalSection(SolutionProperties) = preSolution
		HideSolutionNode = FALSE
	EndGlobalSection
	GlobalSection(ExtensibilityGlobals) = postSolution
		SolutionGuid = {49717EF1-6C9A-4EEF-A2A1-A04AA27443AD}
	EndGlobalSection
EndGlobal
